// !$*UTF8*$!
{
	archiveVersion = 1;
	classes = {
	};
	objectVersion = 77;
	objects = {

/* Begin PBXBuildFile section */
		E9273F692DC618B600BD61A8 /* CryptoZapFinderSync.appex in Embed Foundation Extensions */ = {isa = PBXBuildFile; fileRef = E9273F612DC618B600BD61A8 /* CryptoZapFinderSync.appex */; settings = {ATTRIBUTES = (RemoveHeadersOnCopy, ); }; };
		E93D7B4D2DAFDA270084D0B7 /* CryptoEngine in Frameworks */ = {isa = PBXBuildFile; productRef = E93D7B4C2DAFDA270084D0B7 /* CryptoEngine */; };
/* End PBXBuildFile section */

/* Begin PBXContainerItemProxy section */
		E9273F672DC618B600BD61A8 /* PBXContainerItemProxy */ = {
			isa = PBXContainerItemProxy;
			containerPortal = E99152AD2DA4FDB100BA7D7C /* Project object */;
			proxyType = 1;
			remoteGlobalIDString = E9273F602DC618B600BD61A8;
			remoteInfo = CryptoZapFinderSync;
		};
/* End PBXContainerItemProxy section */

/* Begin PBXCopyFilesBuildPhase section */
		E9273F6E2DC618B600BD61A8 /* Embed Foundation Extensions */ = {
			isa = PBXCopyFilesBuildPhase;
			buildActionMask = 2147483647;
			dstPath = "";
			dstSubfolderSpec = 13;
			files = (
				E9273F692DC618B600BD61A8 /* CryptoZapFinderSync.appex in Embed Foundation Extensions */,
			);
			name = "Embed Foundation Extensions";
			runOnlyForDeploymentPostprocessing = 0;
		};
/* End PBXCopyFilesBuildPhase section */

/* Begin PBXFileReference section */
		E9273F612DC618B600BD61A8 /* CryptoZapFinderSync.appex */ = {isa = PBXFileReference; explicitFileType = "wrapper.app-extension"; includeInIndex = 0; path = CryptoZapFinderSync.appex; sourceTree = BUILT_PRODUCTS_DIR; };
		E99152B52DA4FDB100BA7D7C /* CryptoZap.app */ = {isa = PBXFileReference; explicitFileType = wrapper.application; includeInIndex = 0; path = CryptoZap.app; sourceTree = BUILT_PRODUCTS_DIR; };
/* End PBXFileReference section */

/* Begin PBXFileSystemSynchronizedBuildFileExceptionSet section */
		E9273F6D2DC618B600BD61A8 /* Exceptions for "CryptoZapFinderSync" folder in "CryptoZapFinderSync" target */ = {
			isa = PBXFileSystemSynchronizedBuildFileExceptionSet;
			membershipExceptions = (
				Info.plist,
			);
			target = E9273F602DC618B600BD61A8 /* CryptoZapFinderSync */;
		};
		E99152DD2DA5296C00BA7D7C /* Exceptions for "CryptoZap" folder in "CryptoZap" target */ = {
			isa = PBXFileSystemSynchronizedBuildFileExceptionSet;
			membershipExceptions = (
				App/Info.plist,
			);
			target = E99152B42DA4FDB100BA7D7C /* CryptoZap */;
		};
/* End PBXFileSystemSynchronizedBuildFileExceptionSet section */

/* Begin PBXFileSystemSynchronizedRootGroup section */
		E9273F622DC618B600BD61A8 /* CryptoZapFinderSync */ = {
			isa = PBXFileSystemSynchronizedRootGroup;
			exceptions = (
				E9273F6D2DC618B600BD61A8 /* Exceptions for "CryptoZapFinderSync" folder in "CryptoZapFinderSync" target */,
			);
			path = CryptoZapFinderSync;
			sourceTree = "<group>";
		};
		E99152B72DA4FDB100BA7D7C /* CryptoZap */ = {
			isa = PBXFileSystemSynchronizedRootGroup;
			exceptions = (
				E99152DD2DA5296C00BA7D7C /* Exceptions for "CryptoZap" folder in "CryptoZap" target */,
			);
			path = CryptoZap;
			sourceTree = "<group>";
		};
/* End PBXFileSystemSynchronizedRootGroup section */

/* Begin PBXFrameworksBuildPhase section */
		E9273F5E2DC618B600BD61A8 /* Frameworks */ = {
			isa = PBXFrameworksBuildPhase;
			buildActionMask = 2147483647;
			files = (
			);
			runOnlyForDeploymentPostprocessing = 0;
		};
		E99152B22DA4FDB100BA7D7C /* Frameworks */ = {
			isa = PBXFrameworksBuildPhase;
			buildActionMask = 2147483647;
			files = (
				E93D7B4D2DAFDA270084D0B7 /* CryptoEngine in Frameworks */,
			);
			runOnlyForDeploymentPostprocessing = 0;
		};
/* End PBXFrameworksBuildPhase section */

/* Begin PBXGroup section */
		E939B4C42DAFD78F00216B7C /* Frameworks */ = {
			isa = PBXGroup;
			children = (
			);
			name = Frameworks;
			sourceTree = "<group>";
		};
		E99152AC2DA4FDB100BA7D7C = {
			isa = PBXGroup;
			children = (
				E99152B72DA4FDB100BA7D7C /* CryptoZap */,
				E9273F622DC618B600BD61A8 /* CryptoZapFinderSync */,
				E939B4C42DAFD78F00216B7C /* Frameworks */,
				E99152B62DA4FDB100BA7D7C /* Products */,
			);
			sourceTree = "<group>";
		};
		E99152B62DA4FDB100BA7D7C /* Products */ = {
			isa = PBXGroup;
			children = (
				E99152B52DA4FDB100BA7D7C /* CryptoZap.app */,
				E9273F612DC618B600BD61A8 /* CryptoZapFinderSync.appex */,
			);
			name = Products;
			sourceTree = "<group>";
		};
/* End PBXGroup section */

/* Begin PBXNativeTarget section */
		E9273F602DC618B600BD61A8 /* CryptoZapFinderSync */ = {
			isa = PBXNativeTarget;
			buildConfigurationList = E9273F6A2DC618B600BD61A8 /* Build configuration list for PBXNativeTarget "CryptoZapFinderSync" */;
			buildPhases = (
				E9273F5D2DC618B600BD61A8 /* Sources */,
				E9273F5E2DC618B600BD61A8 /* Frameworks */,
				E9273F5F2DC618B600BD61A8 /* Resources */,
			);
			buildRules = (
			);
			dependencies = (
			);
			fileSystemSynchronizedGroups = (
				E9273F622DC618B600BD61A8 /* CryptoZapFinderSync */,
			);
			name = CryptoZapFinderSync;
			packageProductDependencies = (
			);
			productName = CryptoZapFinderSync;
			productReference = E9273F612DC618B600BD61A8 /* CryptoZapFinderSync.appex */;
			productType = "com.apple.product-type.app-extension";
		};
		E99152B42DA4FDB100BA7D7C /* CryptoZap */ = {
			isa = PBXNativeTarget;
			buildConfigurationList = E99152C12DA4FDB400BA7D7C /* Build configuration list for PBXNativeTarget "CryptoZap" */;
			buildPhases = (
				E99152B12DA4FDB100BA7D7C /* Sources */,
				E99152B22DA4FDB100BA7D7C /* Frameworks */,
				E99152B32DA4FDB100BA7D7C /* Resources */,
				E9273F6E2DC618B600BD61A8 /* Embed Foundation Extensions */,
			);
			buildRules = (
			);
			dependencies = (
				E9273F682DC618B600BD61A8 /* PBXTargetDependency */,
			);
			fileSystemSynchronizedGroups = (
				E99152B72DA4FDB100BA7D7C /* CryptoZap */,
			);
			name = CryptoZap;
			packageProductDependencies = (
				E93D7B4C2DAFDA270084D0B7 /* CryptoEngine */,
			);
			productName = CryptoZap;
			productReference = E99152B52DA4FDB100BA7D7C /* CryptoZap.app */;
			productType = "com.apple.product-type.application";
		};
/* End PBXNativeTarget section */

/* Begin PBXProject section */
		E99152AD2DA4FDB100BA7D7C /* Project object */ = {
			isa = PBXProject;
			attributes = {
				BuildIndependentTargetsInParallel = 1;
				LastSwiftUpdateCheck = 1630;
				LastUpgradeCheck = 1630;
				TargetAttributes = {
					E9273F602DC618B600BD61A8 = {
						CreatedOnToolsVersion = 16.3;
					};
					E99152B42DA4FDB100BA7D7C = {
						CreatedOnToolsVersion = 16.3;
					};
				};
			};
			buildConfigurationList = E99152B02DA4FDB100BA7D7C /* Build configuration list for PBXProject "CryptoZap" */;
			developmentRegion = en;
			hasScannedForEncodings = 0;
			knownRegions = (
				en,
				Base,
				ru,
				fr,
			);
			mainGroup = E99152AC2DA4FDB100BA7D7C;
			minimizedProjectReferenceProxies = 1;
			packageReferences = (
			);
			preferredProjectObjectVersion = 77;
			productRefGroup = E99152B62DA4FDB100BA7D7C /* Products */;
			projectDirPath = "";
			projectRoot = "";
			targets = (
				E99152B42DA4FDB100BA7D7C /* CryptoZap */,
				E9273F602DC618B600BD61A8 /* CryptoZapFinderSync */,
			);
		};
/* End PBXProject section */

/* Begin PBXResourcesBuildPhase section */
		E9273F5F2DC618B600BD61A8 /* Resources */ = {
			isa = PBXResourcesBuildPhase;
			buildActionMask = 2147483647;
			files = (
			);
			runOnlyForDeploymentPostprocessing = 0;
		};
		E99152B32DA4FDB100BA7D7C /* Resources */ = {
			isa = PBXResourcesBuildPhase;
			buildActionMask = 2147483647;
			files = (
			);
			runOnlyForDeploymentPostprocessing = 0;
		};
/* End PBXResourcesBuildPhase section */

/* Begin PBXSourcesBuildPhase section */
		E9273F5D2DC618B600BD61A8 /* Sources */ = {
			isa = PBXSourcesBuildPhase;
			buildActionMask = 2147483647;
			files = (
			);
			runOnlyForDeploymentPostprocessing = 0;
		};
		E99152B12DA4FDB100BA7D7C /* Sources */ = {
			isa = PBXSourcesBuildPhase;
			buildActionMask = 2147483647;
			files = (
			);
			runOnlyForDeploymentPostprocessing = 0;
		};
/* End PBXSourcesBuildPhase section */

/* Begin PBXTargetDependency section */
		E9273F682DC618B600BD61A8 /* PBXTargetDependency */ = {
			isa = PBXTargetDependency;
			target = E9273F602DC618B600BD61A8 /* CryptoZapFinderSync */;
			targetProxy = E9273F672DC618B600BD61A8 /* PBXContainerItemProxy */;
		};
/* End PBXTargetDependency section */

/* Begin XCBuildConfiguration section */
		E9273F6B2DC618B600BD61A8 /* Debug */ = {
			isa = XCBuildConfiguration;
			buildSettings = {
				CODE_SIGN_ENTITLEMENTS = CryptoZapFinderSync/CryptoZapFinderSync.entitlements;
				CODE_SIGN_STYLE = Automatic;
				COMBINE_HIDPI_IMAGES = YES;
				CURRENT_PROJECT_VERSION = 1;
				DEVELOPMENT_TEAM = 269J2W3P7L;
				ENABLE_HARDENED_RUNTIME = YES;
				GENERATE_INFOPLIST_FILE = YES;
				INFOPLIST_FILE = CryptoZapFinderSync/Info.plist;
				INFOPLIST_KEY_CFBundleDisplayName = CryptoZapFinderSync;
				INFOPLIST_KEY_NSHumanReadableCopyright = "";
				LD_RUNPATH_SEARCH_PATHS = (
					"$(inherited)",
					"@executable_path/../Frameworks",
					"@executable_path/../../../../Frameworks",
				);
				MACOSX_DEPLOYMENT_TARGET = 15.4;
				MARKETING_VERSION = 1.0;
				PRODUCT_BUNDLE_IDENTIFIER = com.orange.labs.immersive.CryptoZap.CryptoZapFinderSync;
				PRODUCT_NAME = "$(TARGET_NAME)";
				SKIP_INSTALL = YES;
				SWIFT_EMIT_LOC_STRINGS = YES;
				SWIFT_VERSION = 5.0;
			};
			name = Debug;
		};
		E9273F6C2DC618B600BD61A8 /* Release */ = {
			isa = XCBuildConfiguration;
			buildSettings = {
				CODE_SIGN_ENTITLEMENTS = CryptoZapFinderSync/CryptoZapFinderSync.entitlements;
				CODE_SIGN_STYLE = Automatic;
				COMBINE_HIDPI_IMAGES = YES;
				CURRENT_PROJECT_VERSION = 1;
				DEVELOPMENT_TEAM = 269J2W3P7L;
				ENABLE_HARDENED_RUNTIME = YES;
				GENERATE_INFOPLIST_FILE = YES;
				INFOPLIST_FILE = CryptoZapFinderSync/Info.plist;
				INFOPLIST_KEY_CFBundleDisplayName = CryptoZapFinderSync;
				INFOPLIST_KEY_NSHumanReadableCopyright = "";
				LD_RUNPATH_SEARCH_PATHS = (
					"$(inherited)",
					"@executable_path/../Frameworks",
					"@executable_path/../../../../Frameworks",
				);
				MACOSX_DEPLOYMENT_TARGET = 15.4;
				MARKETING_VERSION = 1.0;
				PRODUCT_BUNDLE_IDENTIFIER = com.orange.labs.immersive.CryptoZap.CryptoZapFinderSync;
				PRODUCT_NAME = "$(TARGET_NAME)";
				SKIP_INSTALL = YES;
				SWIFT_EMIT_LOC_STRINGS = YES;
				SWIFT_VERSION = 5.0;
			};
			name = Release;
		};
		E99152BF2DA4FDB400BA7D7C /* Debug */ = {
			isa = XCBuildConfiguration;
			buildSettings = {
				ALWAYS_SEARCH_USER_PATHS = NO;
				ASSETCATALOG_COMPILER_GENERATE_SWIFT_ASSET_SYMBOL_EXTENSIONS = YES;
				CLANG_ANALYZER_NONNULL = YES;
				CLANG_ANALYZER_NUMBER_OBJECT_CONVERSION = YES_AGGRESSIVE;
				CLANG_CXX_LANGUAGE_STANDARD = "gnu++20";
				CLANG_ENABLE_MODULES = YES;
				CLANG_ENABLE_OBJC_ARC = YES;
				CLANG_ENABLE_OBJC_WEAK = YES;
				CLANG_WARN_BLOCK_CAPTURE_AUTORELEASING = YES;
				CLANG_WARN_BOOL_CONVERSION = YES;
				CLANG_WARN_COMMA = YES;
				CLANG_WARN_CONSTANT_CONVERSION = YES;
				CLANG_WARN_DEPRECATED_OBJC_IMPLEMENTATIONS = YES;
				CLANG_WARN_DIRECT_OBJC_ISA_USAGE = YES_ERROR;
				CLANG_WARN_DOCUMENTATION_COMMENTS = YES;
				CLANG_WARN_EMPTY_BODY = YES;
				CLANG_WARN_ENUM_CONVERSION = YES;
				CLANG_WARN_INFINITE_RECURSION = YES;
				CLANG_WARN_INT_CONVERSION = YES;
				CLANG_WARN_NON_LITERAL_NULL_CONVERSION = YES;
				CLANG_WARN_OBJC_IMPLICIT_RETAIN_SELF = YES;
				CLANG_WARN_OBJC_LITERAL_CONVERSION = YES;
				CLANG_WARN_OBJC_ROOT_CLASS = YES_ERROR;
				CLANG_WARN_QUOTED_INCLUDE_IN_FRAMEWORK_HEADER = YES;
				CLANG_WARN_RANGE_LOOP_ANALYSIS = YES;
				CLANG_WARN_STRICT_PROTOTYPES = YES;
				CLANG_WARN_SUSPICIOUS_MOVE = YES;
				CLANG_WARN_UNGUARDED_AVAILABILITY = YES_AGGRESSIVE;
				CLANG_WARN_UNREACHABLE_CODE = YES;
				CLANG_WARN__DUPLICATE_METHOD_MATCH = YES;
				COPY_PHASE_STRIP = NO;
				DEBUG_INFORMATION_FORMAT = dwarf;
				DEVELOPMENT_TEAM = 269J2W3P7L;
				ENABLE_STRICT_OBJC_MSGSEND = YES;
				ENABLE_TESTABILITY = YES;
				ENABLE_USER_SCRIPT_SANDBOXING = YES;
				GCC_C_LANGUAGE_STANDARD = gnu17;
				GCC_DYNAMIC_NO_PIC = NO;
				GCC_NO_COMMON_BLOCKS = YES;
				GCC_OPTIMIZATION_LEVEL = 0;
				GCC_PREPROCESSOR_DEFINITIONS = (
					"DEBUG=1",
					"$(inherited)",
				);
				GCC_WARN_64_TO_32_BIT_CONVERSION = YES;
				GCC_WARN_ABOUT_RETURN_TYPE = YES_ERROR;
				GCC_WARN_UNDECLARED_SELECTOR = YES;
				GCC_WARN_UNINITIALIZED_AUTOS = YES_AGGRESSIVE;
				GCC_WARN_UNUSED_FUNCTION = YES;
				GCC_WARN_UNUSED_VARIABLE = YES;
				LOCALIZATION_PREFERS_STRING_CATALOGS = YES;
				MACOSX_DEPLOYMENT_TARGET = 15.3;
				MTL_ENABLE_DEBUG_INFO = INCLUDE_SOURCE;
				MTL_FAST_MATH = YES;
				ONLY_ACTIVE_ARCH = YES;
				SDKROOT = macosx;
				SWIFT_ACTIVE_COMPILATION_CONDITIONS = "DEBUG $(inherited)";
				SWIFT_OPTIMIZATION_LEVEL = "-Onone";
			};
			name = Debug;
		};
		E99152C02DA4FDB400BA7D7C /* Release */ = {
			isa = XCBuildConfiguration;
			buildSettings = {
				ALWAYS_SEARCH_USER_PATHS = NO;
				ASSETCATALOG_COMPILER_GENERATE_SWIFT_ASSET_SYMBOL_EXTENSIONS = YES;
				CLANG_ANALYZER_NONNULL = YES;
				CLANG_ANALYZER_NUMBER_OBJECT_CONVERSION = YES_AGGRESSIVE;
				CLANG_CXX_LANGUAGE_STANDARD = "gnu++20";
				CLANG_ENABLE_MODULES = YES;
				CLANG_ENABLE_OBJC_ARC = YES;
				CLANG_ENABLE_OBJC_WEAK = YES;
				CLANG_WARN_BLOCK_CAPTURE_AUTORELEASING = YES;
				CLANG_WARN_BOOL_CONVERSION = YES;
				CLANG_WARN_COMMA = YES;
				CLANG_WARN_CONSTANT_CONVERSION = YES;
				CLANG_WARN_DEPRECATED_OBJC_IMPLEMENTATIONS = YES;
				CLANG_WARN_DIRECT_OBJC_ISA_USAGE = YES_ERROR;
				CLANG_WARN_DOCUMENTATION_COMMENTS = YES;
				CLANG_WARN_EMPTY_BODY = YES;
				CLANG_WARN_ENUM_CONVERSION = YES;
				CLANG_WARN_INFINITE_RECURSION = YES;
				CLANG_WARN_INT_CONVERSION = YES;
				CLANG_WARN_NON_LITERAL_NULL_CONVERSION = YES;
				CLANG_WARN_OBJC_IMPLICIT_RETAIN_SELF = YES;
				CLANG_WARN_OBJC_LITERAL_CONVERSION = YES;
				CLANG_WARN_OBJC_ROOT_CLASS = YES_ERROR;
				CLANG_WARN_QUOTED_INCLUDE_IN_FRAMEWORK_HEADER = YES;
				CLANG_WARN_RANGE_LOOP_ANALYSIS = YES;
				CLANG_WARN_STRICT_PROTOTYPES = YES;
				CLANG_WARN_SUSPICIOUS_MOVE = YES;
				CLANG_WARN_UNGUARDED_AVAILABILITY = YES_AGGRESSIVE;
				CLANG_WARN_UNREACHABLE_CODE = YES;
				CLANG_WARN__DUPLICATE_METHOD_MATCH = YES;
				COPY_PHASE_STRIP = NO;
				DEBUG_INFORMATION_FORMAT = "dwarf-with-dsym";
				DEVELOPMENT_TEAM = 269J2W3P7L;
				ENABLE_NS_ASSERTIONS = NO;
				ENABLE_STRICT_OBJC_MSGSEND = YES;
				ENABLE_USER_SCRIPT_SANDBOXING = YES;
				GCC_C_LANGUAGE_STANDARD = gnu17;
				GCC_NO_COMMON_BLOCKS = YES;
				GCC_WARN_64_TO_32_BIT_CONVERSION = YES;
				GCC_WARN_ABOUT_RETURN_TYPE = YES_ERROR;
				GCC_WARN_UNDECLARED_SELECTOR = YES;
				GCC_WARN_UNINITIALIZED_AUTOS = YES_AGGRESSIVE;
				GCC_WARN_UNUSED_FUNCTION = YES;
				GCC_WARN_UNUSED_VARIABLE = YES;
				LOCALIZATION_PREFERS_STRING_CATALOGS = YES;
				MACOSX_DEPLOYMENT_TARGET = 15.3;
				MTL_ENABLE_DEBUG_INFO = NO;
				MTL_FAST_MATH = YES;
				SDKROOT = macosx;
				SWIFT_COMPILATION_MODE = wholemodule;
			};
			name = Release;
		};
		E99152C22DA4FDB400BA7D7C /* Debug */ = {
			isa = XCBuildConfiguration;
			buildSettings = {
				ASSETCATALOG_COMPILER_APPICON_NAME = AppIcon;
				ASSETCATALOG_COMPILER_GLOBAL_ACCENT_COLOR_NAME = AccentColor;
				CODE_SIGN_ENTITLEMENTS = CryptoZap/CryptoZap.entitlements;
				CODE_SIGN_STYLE = Automatic;
				COMBINE_HIDPI_IMAGES = YES;
				CURRENT_PROJECT_VERSION = 4;
				DEVELOPMENT_TEAM = 269J2W3P7L;
				ENABLE_HARDENED_RUNTIME = YES;
				ENABLE_PREVIEWS = YES;
				GENERATE_INFOPLIST_FILE = YES;
				INFOPLIST_FILE = CryptoZap/App/Info.plist;
				INFOPLIST_KEY_NSHumanReadableCopyright = "";
				LD_RUNPATH_SEARCH_PATHS = (
					"$(inherited)",
					"@executable_path/../Frameworks",
				);
				MARKETING_VERSION = 1.0;
				PRODUCT_BUNDLE_IDENTIFIER = com.orange.labs.immersive.CryptoZap;
				PRODUCT_NAME = "$(TARGET_NAME)";
				REGISTER_APP_GROUPS = YES;
				SWIFT_EMIT_LOC_STRINGS = YES;
				SWIFT_VERSION = 6.0;
			};
			name = Debug;
		};
		E99152C32DA4FDB400BA7D7C /* Release */ = {
			isa = XCBuildConfiguration;
			buildSettings = {
				ASSETCATALOG_COMPILER_APPICON_NAME = AppIcon;
				ASSETCATALOG_COMPILER_GLOBAL_ACCENT_COLOR_NAME = AccentColor;
				CODE_SIGN_ENTITLEMENTS = CryptoZap/CryptoZap.entitlements;
				CODE_SIGN_STYLE = Automatic;
				COMBINE_HIDPI_IMAGES = YES;
				CURRENT_PROJECT_VERSION = 4;
				DEVELOPMENT_TEAM = 269J2W3P7L;
				ENABLE_HARDENED_RUNTIME = YES;
				ENABLE_PREVIEWS = YES;
				GENERATE_INFOPLIST_FILE = YES;
				INFOPLIST_FILE = CryptoZap/App/Info.plist;
				INFOPLIST_KEY_NSHumanReadableCopyright = "";
				LD_RUNPATH_SEARCH_PATHS = (
					"$(inherited)",
					"@executable_path/../Frameworks",
				);
				MARKETING_VERSION = 1.0;
				PRODUCT_BUNDLE_IDENTIFIER = com.orange.labs.immersive.CryptoZap;
				PRODUCT_NAME = "$(TARGET_NAME)";
				REGISTER_APP_GROUPS = YES;
				SWIFT_EMIT_LOC_STRINGS = YES;
				SWIFT_VERSION = 6.0;
			};
			name = Release;
		};
/* End XCBuildConfiguration section */

/* Begin XCConfigurationList section */
		E9273F6A2DC618B600BD61A8 /* Build configuration list for PBXNativeTarget "CryptoZapFinderSync" */ = {
			isa = XCConfigurationList;
			buildConfigurations = (
				E9273F6B2DC618B600BD61A8 /* Debug */,
				E9273F6C2DC618B600BD61A8 /* Release */,
			);
			defaultConfigurationIsVisible = 0;
			defaultConfigurationName = Release;
		};
		E99152B02DA4FDB100BA7D7C /* Build configuration list for PBXProject "CryptoZap" */ = {
			isa = XCConfigurationList;
			buildConfigurations = (
				E99152BF2DA4FDB400BA7D7C /* Debug */,
				E99152C02DA4FDB400BA7D7C /* Release */,
			);
			defaultConfigurationIsVisible = 0;
			defaultConfigurationName = Release;
		};
		E99152C12DA4FDB400BA7D7C /* Build configuration list for PBXNativeTarget "CryptoZap" */ = {
			isa = XCConfigurationList;
			buildConfigurations = (
				E99152C22DA4FDB400BA7D7C /* Debug */,
				E99152C32DA4FDB400BA7D7C /* Release */,
			);
			defaultConfigurationIsVisible = 0;
			defaultConfigurationName = Release;
		};
/* End XCConfigurationList section */

/* Begin XCSwiftPackageProductDependency section */
		E93D7B4C2DAFDA270084D0B7 /* CryptoEngine */ = {
			isa = XCSwiftPackageProductDependency;
			productName = CryptoEngine;
		};
/* End XCSwiftPackageProductDependency section */
	};
	rootObject = E99152AD2DA4FDB100BA7D7C /* Project object */;
}
